
Microsoft Visual Studio Solution File, Format Version 12.00
# Visual Studio Version 16
VisualStudioVersion = 16.0.28803.202
MinimumVisualStudioVersion = 10.0.40219.1
Project("{FAE04EC0-301F-11D3-BF4B-00C04F79EFBC}") = "ClientUI", "ClientUI\ClientUI.csproj", "{FD776123-75DA-4D9F-90EF-31ADEA212B10}"
EndProject
Global
	GlobalSection(SolutionConfigurationPlatforms) = preSolution
		Debug|Any CPU = Debug|Any CPU
		Release|Any CPU = Release|Any CPU
	EndGlobalSection
	GlobalSection(ProjectConfigurationPlatforms) = postSolution
		{FD776123-75DA-4D9F-90EF-31ADEA212B10}.Debug|Any CPU.ActiveCfg = Debug|Any CPU
		{FD776123-75DA-4D9F-90EF-31ADEA212B10}.Debug|Any CPU.Build.0 = Debug|Any CPU
		{FD776123-75DA-4D9F-90EF-31ADEA212B10}.Release|Any CPU.ActiveCfg = Release|Any CPU
		{FD776123-75DA-4D9F-90EF-31ADEA212B10}.Release|Any CPU.Build.0 = Release|Any CPU
	EndGlobalSection
	GlobalSection(SolutionProperties) = preSolution
		HideSolutionNode = FALSE
	EndGlobalSection
	GlobalSection(ExtensibilityGlobals) = postSolution
		SolutionGuid = {2511CB0A-34C0-416A-A23B-EC3F30C92985}
	EndGlobalSection
EndGlobal
